Microsoft Visual Studio Solution File, Format Version 12.00
# Visual Studio Version 16
VisualStudioVersion = 16.0.31515.178
MinimumVisualStudioVersion = 10.0.40219.1
Project("{FAE04EC0-301F-11D3-BF4B-00C04F79EFBC}") = "RSSExemplo.Android", "RSSExemplo.Android\RSSExemplo.Android.csproj", "{99FC382A-7171-41A1-928A-E7434CD136B9}"
EndProject
Project("{9A19103F-16F7-4668-BE54-9A1E7A4F7556}") = "RSSExemplo", "RSSExemplo\RSSExemplo.csproj", "{856AF1D9-B3A2-4007-A6DE-25A75E86B985}"
EndProject
Global
	GlobalSection(SolutionConfigurationPlatforms) = preSolution
		Ad-Hoc|Any CPU = Ad-Hoc|Any CPU
		Ad-Hoc|iPhone = Ad-Hoc|iPhone
		Ad-Hoc|iPhoneSimulator = Ad-Hoc|iPhoneSimulator
		AppStore|Any CPU = AppStore|Any CPU
		AppStore|iPhone = AppStore|iPhone
		AppStore|iPhoneSimulator = AppStore|iPhoneSimulator
		Debug|Any CPU = Debug|Any CPU
		Debug|iPhone = Debug|iPhone
		Debug|iPhoneSimulator = Debug|iPhoneSimulator
		Release|Any CPU = Release|Any CPU
		Release|iPhone = Release|iPhone
		Release|iPhoneSimulator = Release|iPhoneSimulator
	EndGlobalSection
	GlobalSection(ProjectConfigurationPlatforms) = postSolution
		{99FC382A-7171-41A1-928A-E7434CD136B9}.Ad-Hoc|Any CPU.ActiveCfg = Release|Any CPU
		{99FC382A-7171-41A1-928A-E7434CD136B9}.Ad-Hoc|Any CPU.Build.0 = Release|Any CPU
		{99FC382A-7171-41A1-928A-E7434CD136B9}.Ad-Hoc|Any CPU.Deploy.0 = Release|Any CPU
		{99FC382A-7171-41A1-928A-E7434CD136B9}.Ad-Hoc|iPhone.ActiveCfg = Debug|Any CPU
		{99FC382A-7171-41A1-928A-E7434CD136B9}.Ad-Hoc|iPhone.Build.0 = Debug|Any CPU
		{99FC382A-7171-41A1-928A-E7434CD136B9}.Ad-Hoc|iPhoneSimulator.ActiveCfg = Release|Any CPU
		{99FC382A-7171-41A1-928A-E7434CD136B9}.Ad-Hoc|iPhoneSimulator.Build.0 = Release|Any CPU
		{99FC382A-7171-41A1-928A-E7434CD136B9}.Ad-Hoc|iPhoneSimulator.Deploy.0 = Release|Any CPU
		{99FC382A-7171-41A1-928A-E7434CD136B9}.AppStore|Any CPU.ActiveCfg = Release|Any CPU
		{99FC382A-7171-41A1-928A-E7434CD136B9}.AppStore|Any CPU.Build.0 = Release|Any CPU
		{99FC382A-7171-41A1-928A-E7434CD136B9}.AppStore|Any CPU.Deploy.0 = Release|Any CPU
		{99FC382A-7171-41A1-928A-E7434CD136B9}.AppStore|iPhone.ActiveCfg = Debug|Any CPU
		{99FC382A-7171-41A1-928A-E7434CD136B9}.AppStore|iPhone.Build.0 = Debug|Any CPU
		{99FC382A-7171-41A1-928A-E7434CD136B9}.AppStore|iPhoneSimulator.ActiveCfg = Release|Any CPU
		{99FC382A-7171-41A1-928A-E7434CD136B9}.AppStore|iPhoneSimulator.Build.0 = Release|Any CPU
		{99FC382A-7171-41A1-928A-E7434CD136B9}.AppStore|iPhoneSimulator.Deploy.0 = Release|Any CPU
		{99FC382A-7171-41A1-928A-E7434CD136B9}.Debug|Any CPU.ActiveCfg = Debug|Any CPU
		{99FC382A-7171-41A1-928A-E7434CD136B9}.Debug|Any CPU.Build.0 = Debug|Any CPU
		{99FC382A-7171-41A1-928A-E7434CD136B9}.Debug|Any CPU.Deploy.0 = Debug|Any CPU
		{99FC382A-7171-41A1-928A-E7434CD136B9}.Debug|iPhone.ActiveCfg = Debug|Any CPU
		{99FC382A-7171-41A1-928A-E7434CD136B9}.Debug|iPhone.Build.0 = Debug|Any CPU
		{99FC382A-7171-41A1-928A-E7434CD136B9}.Debug|iPhoneSimulator.ActiveCfg = Debug|Any CPU
		{99FC382A-7171-41A1-928A-E7434CD136B9}.Debug|iPhoneSimulator.Build.0 = Debug|Any CPU
		{99FC382A-7171-41A1-928A-E7434CD136B9}.Release|Any CPU.ActiveCfg = Release|Any CPU
		{99FC382A-7171-41A1-928A-E7434CD136B9}.Release|Any CPU.Build.0 = Release|Any CPU
		{99FC382A-7171-41A1-928A-E7434CD136B9}.Release|iPhone.ActiveCfg = Release|Any CPU
		{99FC382A-7171-41A1-928A-E7434CD136B9}.Release|iPhone.Build.0 = Release|Any CPU
		{99FC382A-7171-41A1-928A-E7434CD136B9}.Release|iPhoneSimulator.ActiveCfg = Release|Any CPU
		{99FC382A-7171-41A1-928A-E7434CD136B9}.Release|iPhoneSimulator.Build.0 = Release|Any CPU
		{856AF1D9-B3A2-4007-A6DE-25A75E86B985}.Ad-Hoc|Any CPU.ActiveCfg = Release|Any CPU
		{856AF1D9-B3A2-4007-A6DE-25A75E86B985}.Ad-Hoc|Any CPU.Build.0 = Release|Any CPU
		{856AF1D9-B3A2-4007-A6DE-25A75E86B985}.Ad-Hoc|iPhone.ActiveCfg = Debug|Any CPU
		{856AF1D9-B3A2-4007-A6DE-25A75E86B985}.Ad-Hoc|iPhone.Build.0 = Debug|Any CPU
		{856AF1D9-B3A2-4007-A6DE-25A75E86B985}.Ad-Hoc|iPhoneSimulator.ActiveCfg = Release|Any CPU
		{856AF1D9-B3A2-4007-A6DE-25A75E86B985}.Ad-Hoc|iPhoneSimulator.Build.0 = Release|Any CPU
		{856AF1D9-B3A2-4007-A6DE-25A75E86B985}.AppStore|Any CPU.ActiveCfg = Release|Any CPU
		{856AF1D9-B3A2-4007-A6DE-25A75E86B985}.AppStore|Any CPU.Build.0 = Release|Any CPU
		{856AF1D9-B3A2-4007-A6DE-25A75E86B985}.AppStore|iPhone.ActiveCfg = Debug|Any CPU
		{856AF1D9-B3A2-4007-A6DE-25A75E86B985}.AppStore|iPhone.Build.0 = Debug|Any CPU
		{856AF1D9-B3A2-4007-A6DE-25A75E86B985}.AppStore|iPhoneSimulator.ActiveCfg = Release|Any CPU
		{856AF1D9-B3A2-4007-A6DE-25A75E86B985}.AppStore|iPhoneSimulator.Build.0 = Release|Any CPU
		{856AF1D9-B3A2-4007-A6DE-25A75E86B985}.Debug|Any CPU.ActiveCfg = Debug|Any CPU
		{856AF1D9-B3A2-4007-A6DE-25A75E86B985}.Debug|Any CPU.Build.0 = Debug|Any CPU
		{856AF1D9-B3A2-4007-A6DE-25A75E86B985}.Debug|iPhone.ActiveCfg = Debug|Any CPU
		{856AF1D9-B3A2-4007-A6DE-25A75E86B985}.Debug|iPhone.Build.0 = Debug|Any CPU
		{856AF1D9-B3A2-4007-A6DE-25A75E86B985}.Debug|iPhoneSimulator.ActiveCfg = Debug|Any CPU
		{856AF1D9-B3A2-4007-A6DE-25A75E86B985}.Debug|iPhoneSimulator.Build.0 = Debug|Any CPU
		{856AF1D9-B3A2-4007-A6DE-25A75E86B985}.Release|Any CPU.ActiveCfg = Release|Any CPU
		{856AF1D9-B3A2-4007-A6DE-25A75E86B985}.Release|Any CPU.Build.0 = Release|Any CPU
		{856AF1D9-B3A2-4007-A6DE-25A75E86B985}.Release|iPhone.ActiveCfg = Release|Any CPU
		{856AF1D9-B3A2-4007-A6DE-25A75E86B985}.Release|iPhone.Build.0 = Release|Any CPU
		{856AF1D9-B3A2-4007-A6DE-25A75E86B985}.Release|iPhoneSimulator.ActiveCfg = Release|Any CPU
		{856AF1D9-B3A2-4007-A6DE-25A75E86B985}.Release|iPhoneSimulator.Build.0 = Release|Any CPU
	EndGlobalSection
	GlobalSection(SolutionProperties) = preSolution
		HideSolutionNode = FALSE
	EndGlobalSection
	GlobalSection(ExtensibilityGlobals) = postSolution
		SolutionGuid = {40CFEAB4-07F9-45AE-BAD2-DEE7C9CB8F1C}
	EndGlobalSection
EndGlobal
